
Microsoft Visual Studio Solution File, Format Version 11.00
# Visual Studio 2010
Project("{FAE04EC0-301F-11D3-BF4B-00C04F79EFBC}") = "Defend Home Mars", "Assembly-CSharp.csproj", "{74FFF980-7EFD-6C77-D114-36AA560A7523}"
EndProject
Global
	GlobalSection(SolutionConfigurationPlatforms) = preSolution
		Debug|Any CPU = Debug|Any CPU
		Release|Any CPU = Release|Any CPU
	EndGlobalSection
	GlobalSection(ProjectConfigurationPlatforms) = postSolution
		{74FFF980-7EFD-6C77-D114-36AA560A7523}.Debug|Any CPU.ActiveCfg = Debug|Any CPU
		{74FFF980-7EFD-6C77-D114-36AA560A7523}.Debug|Any CPU.Build.0 = Debug|Any CPU
		{74FFF980-7EFD-6C77-D114-36AA560A7523}.Release|Any CPU.ActiveCfg = Release|Any CPU
		{74FFF980-7EFD-6C77-D114-36AA560A7523}.Release|Any CPU.Build.0 = Release|Any CPU
	EndGlobalSection
	GlobalSection(SolutionProperties) = preSolution
		HideSolutionNode = FALSE
	EndGlobalSection
	GlobalSection(MonoDevelopProperties) = preSolution
		StartupItem = Assembly-CSharp.csproj
	EndGlobalSection
EndGlobal
